
Microsoft Visual Studio Solution File, Format Version 12.00
# Visual Studio Version 17
VisualStudioVersion = 17.5.33516.290
MinimumVisualStudioVersion = 10.0.40219.1
Project("{FAE04EC0-301F-11D3-BF4B-00C04F79EFBC}") = "Operators", "Operators\Operators.csproj", "{196E1E6D-BD9E-42AC-89A6-835EDEF7561A}"
EndProject
Global
	GlobalSection(SolutionConfigurationPlatforms) = preSolution
		Debug|Any CPU = Debug|Any CPU
		Release|Any CPU = Release|Any CPU
	EndGlobalSection
	GlobalSection(ProjectConfigurationPlatforms) = postSolution
		{196E1E6D-BD9E-42AC-89A6-835EDEF7561A}.Debug|Any CPU.ActiveCfg = Debug|Any CPU
		{196E1E6D-BD9E-42AC-89A6-835EDEF7561A}.Debug|Any CPU.Build.0 = Debug|Any CPU
		{196E1E6D-BD9E-42AC-89A6-835EDEF7561A}.Release|Any CPU.ActiveCfg = Release|Any CPU
		{196E1E6D-BD9E-42AC-89A6-835EDEF7561A}.Release|Any CPU.Build.0 = Release|Any CPU
	EndGlobalSection
	GlobalSection(SolutionProperties) = preSolution
		HideSolutionNode = FALSE
	EndGlobalSection
	GlobalSection(ExtensibilityGlobals) = postSolution
		SolutionGuid = {87FF50F8-B90F-4CBB-A677-B594F20E06CB}
	EndGlobalSection
EndGlobal
