
Microsoft Visual Studio Solution File, Format Version 12.00
# Visual Studio Version 17
VisualStudioVersion = 17.5.33516.290
MinimumVisualStudioVersion = 10.0.40219.1
Project("{FAE04EC0-301F-11D3-BF4B-00C04F79EFBC}") = "Classes", "Classes\Classes.csproj", "{3925E460-894D-4E05-98BE-0850A642350B}"
EndProject
Global
	GlobalSection(SolutionConfigurationPlatforms) = preSolution
		Debug|Any CPU = Debug|Any CPU
		Release|Any CPU = Release|Any CPU
	EndGlobalSection
	GlobalSection(ProjectConfigurationPlatforms) = postSolution
		{3925E460-894D-4E05-98BE-0850A642350B}.Debug|Any CPU.ActiveCfg = Debug|Any CPU
		{3925E460-894D-4E05-98BE-0850A642350B}.Debug|Any CPU.Build.0 = Debug|Any CPU
		{3925E460-894D-4E05-98BE-0850A642350B}.Release|Any CPU.ActiveCfg = Release|Any CPU
		{3925E460-894D-4E05-98BE-0850A642350B}.Release|Any CPU.Build.0 = Release|Any CPU
	EndGlobalSection
	GlobalSection(SolutionProperties) = preSolution
		HideSolutionNode = FALSE
	EndGlobalSection
	GlobalSection(ExtensibilityGlobals) = postSolution
		SolutionGuid = {9F84259B-7F81-48A7-B76A-07742A511DA9}
	EndGlobalSection
EndGlobal
