
Microsoft Visual Studio Solution File, Format Version 12.00
# Visual Studio Version 17
VisualStudioVersion = 17.5.33424.131
MinimumVisualStudioVersion = 10.0.40219.1
Project("{FAE04EC0-301F-11D3-BF4B-00C04F79EFBC}") = "Variables", "Variables\Variables.csproj", "{E7E59683-FAE9-4E85-95F0-7B669B3CF52C}"
EndProject
Global
	GlobalSection(SolutionConfigurationPlatforms) = preSolution
		Debug|Any CPU = Debug|Any CPU
		Release|Any CPU = Release|Any CPU
	EndGlobalSection
	GlobalSection(ProjectConfigurationPlatforms) = postSolution
		{E7E59683-FAE9-4E85-95F0-7B669B3CF52C}.Debug|Any CPU.ActiveCfg = Debug|Any CPU
		{E7E59683-FAE9-4E85-95F0-7B669B3CF52C}.Debug|Any CPU.Build.0 = Debug|Any CPU
		{E7E59683-FAE9-4E85-95F0-7B669B3CF52C}.Release|Any CPU.ActiveCfg = Release|Any CPU
		{E7E59683-FAE9-4E85-95F0-7B669B3CF52C}.Release|Any CPU.Build.0 = Release|Any CPU
	EndGlobalSection
	GlobalSection(SolutionProperties) = preSolution
		HideSolutionNode = FALSE
	EndGlobalSection
	GlobalSection(ExtensibilityGlobals) = postSolution
		SolutionGuid = {C590206F-9872-4BE6-932C-273979FC6D1B}
	EndGlobalSection
EndGlobal
